
Microsoft Visual Studio Solution File, Format Version 12.00
# Visual Studio 15
Project("{FAE04EC0-301F-11D3-BF4B-00C04F79EFBC}") = "VuforiaScripts", "VuforiaScripts.csproj", "{B69CA35A-34E0-70C3-8384-80C0B4F470B8}"
EndProject
Project("{FAE04EC0-301F-11D3-BF4B-00C04F79EFBC}") = "VuforiaEditorScripts", "VuforiaEditorScripts.csproj", "{9C18EB28-2594-0BD7-81A5-20DF40B537C1}"
EndProject
Global
	GlobalSection(SolutionConfigurationPlatforms) = preSolution
		Debug|Any CPU = Debug|Any CPU
		Release|Any CPU = Release|Any CPU
	EndGlobalSection
	GlobalSection(ProjectConfigurationPlatforms) = postSolution
		{B69CA35A-34E0-70C3-8384-80C0B4F470B8}.Debug|Any CPU.ActiveCfg = Debug|Any CPU
		{B69CA35A-34E0-70C3-8384-80C0B4F470B8}.Debug|Any CPU.Build.0 = Debug|Any CPU
		{B69CA35A-34E0-70C3-8384-80C0B4F470B8}.Release|Any CPU.ActiveCfg = Release|Any CPU
		{B69CA35A-34E0-70C3-8384-80C0B4F470B8}.Release|Any CPU.Build.0 = Release|Any CPU
		{9C18EB28-2594-0BD7-81A5-20DF40B537C1}.Debug|Any CPU.ActiveCfg = Debug|Any CPU
		{9C18EB28-2594-0BD7-81A5-20DF40B537C1}.Debug|Any CPU.Build.0 = Debug|Any CPU
		{9C18EB28-2594-0BD7-81A5-20DF40B537C1}.Release|Any CPU.ActiveCfg = Release|Any CPU
		{9C18EB28-2594-0BD7-81A5-20DF40B537C1}.Release|Any CPU.Build.0 = Release|Any CPU
	EndGlobalSection
	GlobalSection(SolutionProperties) = preSolution
		HideSolutionNode = FALSE
	EndGlobalSection
EndGlobal
